
Microsoft Visual Studio Solution File, Format Version 12.00
Project("{FAE04EC0-301F-11D3-BF4B-00C04F79EFBC}") = "UnityProjectFramework.Core", "UnityProjectFramework.Core.csproj", "{B885791C-4196-4B4C-949C-08CA01E3F785}"
EndProject
Global
	GlobalSection(SolutionConfigurationPlatforms) = preSolution
		Debug|Any CPU = Debug|Any CPU
		Release|Any CPU = Release|Any CPU
	EndGlobalSection
	GlobalSection(ProjectConfigurationPlatforms) = postSolution
		{B885791C-4196-4B4C-949C-08CA01E3F785}.Debug|Any CPU.ActiveCfg = Debug|Any CPU
		{B885791C-4196-4B4C-949C-08CA01E3F785}.Debug|Any CPU.Build.0 = Debug|Any CPU
		{B885791C-4196-4B4C-949C-08CA01E3F785}.Release|Any CPU.ActiveCfg = Release|Any CPU
		{B885791C-4196-4B4C-949C-08CA01E3F785}.Release|Any CPU.Build.0 = Release|Any CPU
	EndGlobalSection
EndGlobal
